
Microsoft Visual Studio Solution File, Format Version 12.00
Project("{FAE04EC0-301F-11D3-BF4B-00C04F79EFBC}") = "Device", "Device\Device.csproj", "{BAAFF444-E36D-474A-A2AD-F55312EE6E57}"
EndProject
Global
	GlobalSection(SolutionConfigurationPlatforms) = preSolution
		Debug|Any CPU = Debug|Any CPU
		Release|Any CPU = Release|Any CPU
	EndGlobalSection
	GlobalSection(ProjectConfigurationPlatforms) = postSolution
		{BAAFF444-E36D-474A-A2AD-F55312EE6E57}.Debug|Any CPU.ActiveCfg = Debug|Any CPU
		{BAAFF444-E36D-474A-A2AD-F55312EE6E57}.Debug|Any CPU.Build.0 = Debug|Any CPU
		{BAAFF444-E36D-474A-A2AD-F55312EE6E57}.Release|Any CPU.ActiveCfg = Release|Any CPU
		{BAAFF444-E36D-474A-A2AD-F55312EE6E57}.Release|Any CPU.Build.0 = Release|Any CPU
	EndGlobalSection
EndGlobal
